
Microsoft Visual Studio Solution File, Format Version 12.00
# Visual Studio Version 17
VisualStudioVersion = 17.4.33122.133
MinimumVisualStudioVersion = 10.0.40219.1
Project("{9A19103F-16F7-4668-BE54-9A1E7A4F7556}") = "Fleury.Client", "src\Fleury\Client\Fleury.Client.csproj", "{10438696-483B-4EB0-AF4D-3ADBA84F6420}"
EndProject
Project("{9A19103F-16F7-4668-BE54-9A1E7A4F7556}") = "Fleury.Server", "src\Fleury\Server\Fleury.Server.csproj", "{B4B9C142-5D63-481B-8872-1EEFAF011CC3}"
EndProject
Project("{9A19103F-16F7-4668-BE54-9A1E7A4F7556}") = "Fleury.Shared", "src\Fleury\Shared\Fleury.Shared.csproj", "{86FCD0BC-BEAB-4A73-8B17-9CBA40A418E0}"
EndProject
Project("{9A19103F-16F7-4668-BE54-9A1E7A4F7556}") = "Fleury.Infrastructure", "src\Fleury\Infrastructure\Fleury.Infrastructure.csproj", "{93475388-68BD-4F6B-8107-9DB500A57809}"
EndProject
Project("{FAE04EC0-301F-11D3-BF4B-00C04F79EFBC}") = "Fleury.Application", "src\Fleury\Fleury.Application\Fleury.Application.csproj", "{EF29EA5B-E640-4BA8-B83D-18D247E27A58}"
EndProject
Global
	GlobalSection(SolutionConfigurationPlatforms) = preSolution
		Debug|Any CPU = Debug|Any CPU
		Release|Any CPU = Release|Any CPU
	EndGlobalSection
	GlobalSection(ProjectConfigurationPlatforms) = postSolution
		{10438696-483B-4EB0-AF4D-3ADBA84F6420}.Debug|Any CPU.ActiveCfg = Debug|Any CPU
		{10438696-483B-4EB0-AF4D-3ADBA84F6420}.Debug|Any CPU.Build.0 = Debug|Any CPU
		{10438696-483B-4EB0-AF4D-3ADBA84F6420}.Release|Any CPU.ActiveCfg = Release|Any CPU
		{10438696-483B-4EB0-AF4D-3ADBA84F6420}.Release|Any CPU.Build.0 = Release|Any CPU
		{B4B9C142-5D63-481B-8872-1EEFAF011CC3}.Debug|Any CPU.ActiveCfg = Debug|Any CPU
		{B4B9C142-5D63-481B-8872-1EEFAF011CC3}.Debug|Any CPU.Build.0 = Debug|Any CPU
		{B4B9C142-5D63-481B-8872-1EEFAF011CC3}.Release|Any CPU.ActiveCfg = Release|Any CPU
		{B4B9C142-5D63-481B-8872-1EEFAF011CC3}.Release|Any CPU.Build.0 = Release|Any CPU
		{86FCD0BC-BEAB-4A73-8B17-9CBA40A418E0}.Debug|Any CPU.ActiveCfg = Debug|Any CPU
		{86FCD0BC-BEAB-4A73-8B17-9CBA40A418E0}.Debug|Any CPU.Build.0 = Debug|Any CPU
		{86FCD0BC-BEAB-4A73-8B17-9CBA40A418E0}.Release|Any CPU.ActiveCfg = Release|Any CPU
		{86FCD0BC-BEAB-4A73-8B17-9CBA40A418E0}.Release|Any CPU.Build.0 = Release|Any CPU
		{93475388-68BD-4F6B-8107-9DB500A57809}.Debug|Any CPU.ActiveCfg = Debug|Any CPU
		{93475388-68BD-4F6B-8107-9DB500A57809}.Debug|Any CPU.Build.0 = Debug|Any CPU
		{93475388-68BD-4F6B-8107-9DB500A57809}.Release|Any CPU.ActiveCfg = Release|Any CPU
		{93475388-68BD-4F6B-8107-9DB500A57809}.Release|Any CPU.Build.0 = Release|Any CPU
		{EF29EA5B-E640-4BA8-B83D-18D247E27A58}.Debug|Any CPU.ActiveCfg = Debug|Any CPU
		{EF29EA5B-E640-4BA8-B83D-18D247E27A58}.Debug|Any CPU.Build.0 = Debug|Any CPU
		{EF29EA5B-E640-4BA8-B83D-18D247E27A58}.Release|Any CPU.ActiveCfg = Release|Any CPU
		{EF29EA5B-E640-4BA8-B83D-18D247E27A58}.Release|Any CPU.Build.0 = Release|Any CPU
	EndGlobalSection
	GlobalSection(SolutionProperties) = preSolution
		HideSolutionNode = FALSE
	EndGlobalSection
	GlobalSection(ExtensibilityGlobals) = postSolution
		SolutionGuid = {7887B2ED-306C-44DA-A432-9632FCED1596}
	EndGlobalSection
EndGlobal
